
Microsoft Visual Studio Solution File, Format Version 12.00
# Visual Studio Version 16
VisualStudioVersion = 16.0.33130.400
MinimumVisualStudioVersion = 10.0.40219.1
Project("{FAE04EC0-301F-11D3-BF4B-00C04F79EFBC}") = "unityhacking101", "unityhacking101.csproj", "{33D9A70F-FF35-4147-AEE2-38499375F869}"
EndProject
Global
	GlobalSection(SolutionConfigurationPlatforms) = preSolution
		Debug|Any CPU = Debug|Any CPU
		Release|Any CPU = Release|Any CPU
	EndGlobalSection
	GlobalSection(ProjectConfigurationPlatforms) = postSolution
		{33D9A70F-FF35-4147-AEE2-38499375F869}.Debug|Any CPU.ActiveCfg = Debug|Any CPU
		{33D9A70F-FF35-4147-AEE2-38499375F869}.Debug|Any CPU.Build.0 = Debug|Any CPU
		{33D9A70F-FF35-4147-AEE2-38499375F869}.Release|Any CPU.ActiveCfg = Release|Any CPU
		{33D9A70F-FF35-4147-AEE2-38499375F869}.Release|Any CPU.Build.0 = Release|Any CPU
	EndGlobalSection
	GlobalSection(SolutionProperties) = preSolution
		HideSolutionNode = FALSE
	EndGlobalSection
	GlobalSection(ExtensibilityGlobals) = postSolution
		SolutionGuid = {7C24A9BD-A142-4BFE-901F-8C995B97765F}
	EndGlobalSection
EndGlobal
